
Microsoft Visual Studio Solution File, Format Version 12.00
# Visual Studio 14
VisualStudioVersion = 14.0.25123.0
MinimumVisualStudioVersion = 10.0.40219.1
Project("{FAE04EC0-301F-11D3-BF4B-00C04F79EFBC}") = "ShaderLab", "ShaderLab\ShaderLab\ShaderLab.csproj", "{BE6657F7-9EBE-45C7-9DFB-7759B87FFA3C}"
EndProject
Project("{96E2B04D-8817-42C6-938A-82C39BA4D311}") = "ShaderLabContent", "ShaderLab\ShaderLabContent\ShaderLabContent.contentproj", "{F60C771C-912B-4C48-9D49-BBE722EE6E4B}"
EndProject
Global
	GlobalSection(SolutionConfigurationPlatforms) = preSolution
		Debug|x86 = Debug|x86
		Release|x86 = Release|x86
	EndGlobalSection
	GlobalSection(ProjectConfigurationPlatforms) = postSolution
		{BE6657F7-9EBE-45C7-9DFB-7759B87FFA3C}.Debug|x86.ActiveCfg = Debug|x86
		{BE6657F7-9EBE-45C7-9DFB-7759B87FFA3C}.Debug|x86.Build.0 = Debug|x86
		{BE6657F7-9EBE-45C7-9DFB-7759B87FFA3C}.Release|x86.ActiveCfg = Release|x86
		{BE6657F7-9EBE-45C7-9DFB-7759B87FFA3C}.Release|x86.Build.0 = Release|x86
		{F60C771C-912B-4C48-9D49-BBE722EE6E4B}.Debug|x86.ActiveCfg = Debug|x86
		{F60C771C-912B-4C48-9D49-BBE722EE6E4B}.Release|x86.ActiveCfg = Release|x86
	EndGlobalSection
	GlobalSection(SolutionProperties) = preSolution
		HideSolutionNode = FALSE
	EndGlobalSection
EndGlobal
